// !$*UTF8*$!
{
	archiveVersion = 1;
	classes = {
	};
	objectVersion = 51;
	objects = {

/* Begin PBXBuildFile section */
		85F56A9F3FFF44A8C4F59734 /* Pods_RxFlowWithReactorKitTests.framework in Frameworks */ = {isa = PBXBuildFile; fileRef = 96D7D225FBD51624319DD836 /* Pods_RxFlowWithReactorKitTests.framework */; };
		B48C2F2237830AAD22EB23F5 /* Pods_RxFlowWithReactorKit.framework in Frameworks */ = {isa = PBXBuildFile; fileRef = DC15F6BB0924FB9A2CDE3E2A /* Pods_RxFlowWithReactorKit.framework */; };
		EE4A181927CB56B5005752A7 /* MiddleDetailReactor.swift in Sources */ = {isa = PBXBuildFile; fileRef = EE4A181827CB56B5005752A7 /* MiddleDetailReactor.swift */; };
		EE4A181B27CB56F0005752A7 /* MiddleDetailViewController.swift in Sources */ = {isa = PBXBuildFile; fileRef = EE4A181A27CB56F0005752A7 /* MiddleDetailViewController.swift */; };
		F741049027BB33B5002694E7 /* HomeCell.swift in Sources */ = {isa = PBXBuildFile; fileRef = F741048F27BB33B5002694E7 /* HomeCell.swift */; };
		F7A5B22627B5DC8800152676 /* AppDelegate.swift in Sources */ = {isa = PBXBuildFile; fileRef = F7A5B22527B5DC8800152676 /* AppDelegate.swift */; };
		F7A5B22827B5DC8800152676 /* SceneDelegate.swift in Sources */ = {isa = PBXBuildFile; fileRef = F7A5B22727B5DC8800152676 /* SceneDelegate.swift */; };
		F7A5B22F27B5DC8A00152676 /* Assets.xcassets in Resources */ = {isa = PBXBuildFile; fileRef = F7A5B22E27B5DC8A00152676 /* Assets.xcassets */; };
		F7A5B23227B5DC8A00152676 /* LaunchScreen.storyboard in Resources */ = {isa = PBXBuildFile; fileRef = F7A5B23027B5DC8A00152676 /* LaunchScreen.storyboard */; };
		F7A5B23D27B5DC8A00152676 /* RxFlowWithReactorKitTests.swift in Sources */ = {isa = PBXBuildFile; fileRef = F7A5B23C27B5DC8A00152676 /* RxFlowWithReactorKitTests.swift */; };
		F7A5B24827B5DC8A00152676 /* RxFlowWithReactorKitUITests.swift in Sources */ = {isa = PBXBuildFile; fileRef = F7A5B24727B5DC8A00152676 /* RxFlowWithReactorKitUITests.swift */; };
		F7A5B28327B5E05800152676 /* UIView+safeArea.swift in Sources */ = {isa = PBXBuildFile; fileRef = F7A5B27A27B5E05800152676 /* UIView+safeArea.swift */; };
		F7A5B28427B5E05800152676 /* Cell+ReusableID.swift in Sources */ = {isa = PBXBuildFile; fileRef = F7A5B27B27B5E05800152676 /* Cell+ReusableID.swift */; };
		F7A5B28527B5E05800152676 /* Observable+Extensions.swift in Sources */ = {isa = PBXBuildFile; fileRef = F7A5B27D27B5E05800152676 /* Observable+Extensions.swift */; };
		F7A5B28627B5E05800152676 /* UIViewController+Rx.swift in Sources */ = {isa = PBXBuildFile; fileRef = F7A5B27E27B5E05800152676 /* UIViewController+Rx.swift */; };
		F7A5B28727B5E05800152676 /* ActivityIndicator.swift in Sources */ = {isa = PBXBuildFile; fileRef = F7A5B27F27B5E05800152676 /* ActivityIndicator.swift */; };
		F7A5B28827B5E05800152676 /* Models.swift in Sources */ = {isa = PBXBuildFile; fileRef = F7A5B28127B5E05800152676 /* Models.swift */; };
		F7A5B28927B5E05800152676 /* AnimationTransition.swift in Sources */ = {isa = PBXBuildFile; fileRef = F7A5B28227B5E05800152676 /* AnimationTransition.swift */; };
		F7A5B28D27B5E07A00152676 /* NetworkManager.swift in Sources */ = {isa = PBXBuildFile; fileRef = F7A5B28B27B5E07A00152676 /* NetworkManager.swift */; };
		F7A5B28E27B5E07A00152676 /* TestNetworkManager.swift in Sources */ = {isa = PBXBuildFile; fileRef = F7A5B28C27B5E07A00152676 /* TestNetworkManager.swift */; };
		F7A5B29427B5E09F00152676 /* NetworkService.swift in Sources */ = {isa = PBXBuildFile; fileRef = F7A5B29027B5E09F00152676 /* NetworkService.swift */; };
		F7A5B29527B5E09F00152676 /* ServiceProvider.swift in Sources */ = {isa = PBXBuildFile; fileRef = F7A5B29127B5E09F00152676 /* ServiceProvider.swift */; };
		F7A5B29627B5E09F00152676 /* BaseService.swift in Sources */ = {isa = PBXBuildFile; fileRef = F7A5B29227B5E09F00152676 /* BaseService.swift */; };
		F7A5B29727B5E09F00152676 /* LoginService.swift in Sources */ = {isa = PBXBuildFile; fileRef = F7A5B29327B5E09F00152676 /* LoginService.swift */; };
		F7A5B29B27B5E17800152676 /* SampleStep.swift in Sources */ = {isa = PBXBuildFile; fileRef = F7A5B29A27B5E17800152676 /* SampleStep.swift */; };
		F7A5B29E27B5E9ED00152676 /* AppFlow.swift in Sources */ = {isa = PBXBuildFile; fileRef = F7A5B29D27B5E9ED00152676 /* AppFlow.swift */; };
		F7A5B2A027B5EC2000152676 /* Step+asSample.swift in Sources */ = {isa = PBXBuildFile; fileRef = F7A5B29F27B5EC2000152676 /* Step+asSample.swift */; };
		F7A5B2A327B62A3100152676 /* LoginReactor.swift in Sources */ = {isa = PBXBuildFile; fileRef = F7A5B2A227B62A3100152676 /* LoginReactor.swift */; };
		F7A5B2A527B62ADF00152676 /* LoginViewController.swift in Sources */ = {isa = PBXBuildFile; fileRef = F7A5B2A427B62ADF00152676 /* LoginViewController.swift */; };
		F7A5B2A927B6304D00152676 /* LoginFlow.swift in Sources */ = {isa = PBXBuildFile; fileRef = F7A5B2A827B6304D00152676 /* LoginFlow.swift */; };
		F7A5B2AC27B6386E00152676 /* MainFlow.swift in Sources */ = {isa = PBXBuildFile; fileRef = F7A5B2AB27B6386E00152676 /* MainFlow.swift */; };
		F7A5B2AF27B63BB900152676 /* HomeFlow.swift in Sources */ = {isa = PBXBuildFile; fileRef = F7A5B2AE27B63BB900152676 /* HomeFlow.swift */; };
		F7A5B2B227B63C3D00152676 /* HomeReactor.swift in Sources */ = {isa = PBXBuildFile; fileRef = F7A5B2B127B63C3D00152676 /* HomeReactor.swift */; };
		F7A5B2B427B63C6F00152676 /* HomeViewController.swift in Sources */ = {isa = PBXBuildFile; fileRef = F7A5B2B327B63C6F00152676 /* HomeViewController.swift */; };
		F7FBD05F27B9C92E002265FD /* MiddleReactor.swift in Sources */ = {isa = PBXBuildFile; fileRef = F7FBD05E27B9C92E002265FD /* MiddleReactor.swift */; };
		F7FBD06127B9C9E0002265FD /* MiddleViewController.swift in Sources */ = {isa = PBXBuildFile; fileRef = F7FBD06027B9C9E0002265FD /* MiddleViewController.swift */; };
		F7FBD06327B9CDE2002265FD /* MiddleFlow.swift in Sources */ = {isa = PBXBuildFile; fileRef = F7FBD06227B9CDE2002265FD /* MiddleFlow.swift */; };
		F7FBD06627B9DF7B002265FD /* SettingReactor.swift in Sources */ = {isa = PBXBuildFile; fileRef = F7FBD06527B9DF7B002265FD /* SettingReactor.swift */; };
		F7FBD06827B9F36E002265FD /* SettingViewController.swift in Sources */ = {isa = PBXBuildFile; fileRef = F7FBD06727B9F36E002265FD /* SettingViewController.swift */; };
		F7FBD06A27B9F596002265FD /* SettingFlow.swift in Sources */ = {isa = PBXBuildFile; fileRef = F7FBD06927B9F596002265FD /* SettingFlow.swift */; };
/* End PBXBuildFile section */

/* Begin PBXContainerItemProxy section */
		F7A5B23927B5DC8A00152676 /* PBXContainerItemProxy */ = {
			isa = PBXContainerItemProxy;
			containerPortal = F7A5B21A27B5DC8800152676 /* Project object */;
			proxyType = 1;
			remoteGlobalIDString = F7A5B22127B5DC8800152676;
			remoteInfo = RxFlowWithReactorKit;
		};
		F7A5B24427B5DC8A00152676 /* PBXContainerItemProxy */ = {
			isa = PBXContainerItemProxy;
			containerPortal = F7A5B21A27B5DC8800152676 /* Project object */;
			proxyType = 1;
			remoteGlobalIDString = F7A5B22127B5DC8800152676;
			remoteInfo = RxFlowWithReactorKit;
		};
/* End PBXContainerItemProxy section */

/* Begin PBXFileReference section */
		02FE8E447AECA61FD540A949 /* Pods-RxFlowWithReactorKit.release.xcconfig */ = {isa = PBXFileReference; includeInIndex = 1; lastKnownFileType = text.xcconfig; name = "Pods-RxFlowWithReactorKit.release.xcconfig"; path = "Target Support Files/Pods-RxFlowWithReactorKit/Pods-RxFlowWithReactorKit.release.xcconfig"; sourceTree = "<group>"; };
		57140E7C42338B2CE2B62E7B /* Pods-RxFlowWithReactorKitTests.debug.xcconfig */ = {isa = PBXFileReference; includeInIndex = 1; lastKnownFileType = text.xcconfig; name = "Pods-RxFlowWithReactorKitTests.debug.xcconfig"; path = "Target Support Files/Pods-RxFlowWithReactorKitTests/Pods-RxFlowWithReactorKitTests.debug.xcconfig"; sourceTree = "<group>"; };
		96D7D225FBD51624319DD836 /* Pods_RxFlowWithReactorKitTests.framework */ = {isa = PBXFileReference; explicitFileType = wrapper.framework; includeInIndex = 0; path = Pods_RxFlowWithReactorKitTests.framework; sourceTree = BUILT_PRODUCTS_DIR; };
		B33A26B364C5D4E59EF3AAE5 /* Pods-RxFlowWithReactorKit.debug.xcconfig */ = {isa = PBXFileReference; includeInIndex = 1; lastKnownFileType = text.xcconfig; name = "Pods-RxFlowWithReactorKit.debug.xcconfig"; path = "Target Support Files/Pods-RxFlowWithReactorKit/Pods-RxFlowWithReactorKit.debug.xcconfig"; sourceTree = "<group>"; };
		DC15F6BB0924FB9A2CDE3E2A /* Pods_RxFlowWithReactorKit.framework */ = {isa = PBXFileReference; explicitFileType = wrapper.framework; includeInIndex = 0; path = Pods_RxFlowWithReactorKit.framework; sourceTree = BUILT_PRODUCTS_DIR; };
		EE4A181827CB56B5005752A7 /* MiddleDetailReactor.swift */ = {isa = PBXFileReference; lastKnownFileType = sourcecode.swift; path = MiddleDetailReactor.swift; sourceTree = "<group>"; };
		EE4A181A27CB56F0005752A7 /* MiddleDetailViewController.swift */ = {isa = PBXFileReference; lastKnownFileType = sourcecode.swift; path = MiddleDetailViewController.swift; sourceTree = "<group>"; };
		F25C318A4F3C29B4BC5B6174 /* Pods-RxFlowWithReactorKitTests.release.xcconfig */ = {isa = PBXFileReference; includeInIndex = 1; lastKnownFileType = text.xcconfig; name = "Pods-RxFlowWithReactorKitTests.release.xcconfig"; path = "Target Support Files/Pods-RxFlowWithReactorKitTests/Pods-RxFlowWithReactorKitTests.release.xcconfig"; sourceTree = "<group>"; };
		F741048F27BB33B5002694E7 /* HomeCell.swift */ = {isa = PBXFileReference; lastKnownFileType = sourcecode.swift; path = HomeCell.swift; sourceTree = "<group>"; };
		F7A5B22227B5DC8800152676 /* RxFlowWithReactorKit.app */ = {isa = PBXFileReference; explicitFileType = wrapper.application; includeInIndex = 0; path = RxFlowWithReactorKit.app; sourceTree = BUILT_PRODUCTS_DIR; };
		F7A5B22527B5DC8800152676 /* AppDelegate.swift */ = {isa = PBXFileReference; lastKnownFileType = sourcecode.swift; path = AppDelegate.swift; sourceTree = "<group>"; };
		F7A5B22727B5DC8800152676 /* SceneDelegate.swift */ = {isa = PBXFileReference; lastKnownFileType = sourcecode.swift; path = SceneDelegate.swift; sourceTree = "<group>"; };
		F7A5B22E27B5DC8A00152676 /* Assets.xcassets */ = {isa = PBXFileReference; lastKnownFileType = folder.assetcatalog; path = Assets.xcassets; sourceTree = "<group>"; };
		F7A5B23127B5DC8A00152676 /* Base */ = {isa = PBXFileReference; lastKnownFileType = file.storyboard; name = Base; path = Base.lproj/LaunchScreen.storyboard; sourceTree = "<group>"; };
		F7A5B23327B5DC8A00152676 /* Info.plist */ = {isa = PBXFileReference; lastKnownFileType = text.plist.xml; path = Info.plist; sourceTree = "<group>"; };
		F7A5B23827B5DC8A00152676 /* RxFlowWithReactorKitTests.xctest */ = {isa = PBXFileReference; explicitFileType = wrapper.cfbundle; includeInIndex = 0; path = RxFlowWithReactorKitTests.xctest; sourceTree = BUILT_PRODUCTS_DIR; };
		F7A5B23C27B5DC8A00152676 /* RxFlowWithReactorKitTests.swift */ = {isa = PBXFileReference; lastKnownFileType = sourcecode.swift; path = RxFlowWithReactorKitTests.swift; sourceTree = "<group>"; };
		F7A5B23E27B5DC8A00152676 /* Info.plist */ = {isa = PBXFileReference; lastKnownFileType = text.plist.xml; path = Info.plist; sourceTree = "<group>"; };
		F7A5B24327B5DC8A00152676 /* RxFlowWithReactorKitUITests.xctest */ = {isa = PBXFileReference; explicitFileType = wrapper.cfbundle; includeInIndex = 0; path = RxFlowWithReactorKitUITests.xctest; sourceTree = BUILT_PRODUCTS_DIR; };
		F7A5B24727B5DC8A00152676 /* RxFlowWithReactorKitUITests.swift */ = {isa = PBXFileReference; lastKnownFileType = sourcecode.swift; path = RxFlowWithReactorKitUITests.swift; sourceTree = "<group>"; };
		F7A5B24927B5DC8A00152676 /* Info.plist */ = {isa = PBXFileReference; lastKnownFileType = text.plist.xml; path = Info.plist; sourceTree = "<group>"; };
		F7A5B27A27B5E05800152676 /* UIView+safeArea.swift */ = {isa = PBXFileReference; fileEncoding = 4; lastKnownFileType = sourcecode.swift; path = "UIView+safeArea.swift"; sourceTree = "<group>"; };
		F7A5B27B27B5E05800152676 /* Cell+ReusableID.swift */ = {isa = PBXFileReference; fileEncoding = 4; lastKnownFileType = sourcecode.swift; path = "Cell+ReusableID.swift"; sourceTree = "<group>"; };
		F7A5B27D27B5E05800152676 /* Observable+Extensions.swift */ = {isa = PBXFileReference; fileEncoding = 4; lastKnownFileType = sourcecode.swift; path = "Observable+Extensions.swift"; sourceTree = "<group>"; };
		F7A5B27E27B5E05800152676 /* UIViewController+Rx.swift */ = {isa = PBXFileReference; fileEncoding = 4; lastKnownFileType = sourcecode.swift; path = "UIViewController+Rx.swift"; sourceTree = "<group>"; };
		F7A5B27F27B5E05800152676 /* ActivityIndicator.swift */ = {isa = PBXFileReference; fileEncoding = 4; lastKnownFileType = sourcecode.swift; path = ActivityIndicator.swift; sourceTree = "<group>"; };
		F7A5B28127B5E05800152676 /* Models.swift */ = {isa = PBXFileReference; fileEncoding = 4; lastKnownFileType = sourcecode.swift; path = Models.swift; sourceTree = "<group>"; };
		F7A5B28227B5E05800152676 /* AnimationTransition.swift */ = {isa = PBXFileReference; fileEncoding = 4; lastKnownFileType = sourcecode.swift; path = AnimationTransition.swift; sourceTree = "<group>"; };
		F7A5B28B27B5E07A00152676 /* NetworkManager.swift */ = {isa = PBXFileReference; fileEncoding = 4; lastKnownFileType = sourcecode.swift; path = NetworkManager.swift; sourceTree = "<group>"; };
		F7A5B28C27B5E07A00152676 /* TestNetworkManager.swift */ = {isa = PBXFileReference; fileEncoding = 4; lastKnownFileType = sourcecode.swift; path = TestNetworkManager.swift; sourceTree = "<group>"; };
		F7A5B29027B5E09F00152676 /* NetworkService.swift */ = {isa = PBXFileReference; fileEncoding = 4; lastKnownFileType = sourcecode.swift; path = NetworkService.swift; sourceTree = "<group>"; };
		F7A5B29127B5E09F00152676 /* ServiceProvider.swift */ = {isa = PBXFileReference; fileEncoding = 4; lastKnownFileType = sourcecode.swift; path = ServiceProvider.swift; sourceTree = "<group>"; };
		F7A5B29227B5E09F00152676 /* BaseService.swift */ = {isa = PBXFileReference; fileEncoding = 4; lastKnownFileType = sourcecode.swift; path = BaseService.swift; sourceTree = "<group>"; };
		F7A5B29327B5E09F00152676 /* LoginService.swift */ = {isa = PBXFileReference; fileEncoding = 4; lastKnownFileType = sourcecode.swift; path = LoginService.swift; sourceTree = "<group>"; };
		F7A5B29A27B5E17800152676 /* SampleStep.swift */ = {isa = PBXFileReference; lastKnownFileType = sourcecode.swift; path = SampleStep.swift; sourceTree = "<group>"; };
		F7A5B29D27B5E9ED00152676 /* AppFlow.swift */ = {isa = PBXFileReference; lastKnownFileType = sourcecode.swift; path = AppFlow.swift; sourceTree = "<group>"; };
		F7A5B29F27B5EC2000152676 /* Step+asSample.swift */ = {isa = PBXFileReference; lastKnownFileType = sourcecode.swift; path = "Step+asSample.swift"; sourceTree = "<group>"; };
		F7A5B2A227B62A3100152676 /* LoginReactor.swift */ = {isa = PBXFileReference; lastKnownFileType = sourcecode.swift; path = LoginReactor.swift; sourceTree = "<group>"; };
		F7A5B2A427B62ADF00152676 /* LoginViewController.swift */ = {isa = PBXFileReference; lastKnownFileType = sourcecode.swift; path = LoginViewController.swift; sourceTree = "<group>"; };
		F7A5B2A827B6304D00152676 /* LoginFlow.swift */ = {isa = PBXFileReference; lastKnownFileType = sourcecode.swift; path = LoginFlow.swift; sourceTree = "<group>"; };
		F7A5B2AB27B6386E00152676 /* MainFlow.swift */ = {isa = PBXFileReference; lastKnownFileType = sourcecode.swift; path = MainFlow.swift; sourceTree = "<group>"; };
		F7A5B2AE27B63BB900152676 /* HomeFlow.swift */ = {isa = PBXFileReference; lastKnownFileType = sourcecode.swift; path = HomeFlow.swift; sourceTree = "<group>"; };
		F7A5B2B127B63C3D00152676 /* HomeReactor.swift */ = {isa = PBXFileReference; lastKnownFileType = sourcecode.swift; path = HomeReactor.swift; sourceTree = "<group>"; };
		F7A5B2B327B63C6F00152676 /* HomeViewController.swift */ = {isa = PBXFileReference; lastKnownFileType = sourcecode.swift; path = HomeViewController.swift; sourceTree = "<group>"; };
		F7FBD05E27B9C92E002265FD /* MiddleReactor.swift */ = {isa = PBXFileReference; lastKnownFileType = sourcecode.swift; path = MiddleReactor.swift; sourceTree = "<group>"; };
		F7FBD06027B9C9E0002265FD /* MiddleViewController.swift */ = {isa = PBXFileReference; lastKnownFileType = sourcecode.swift; path = MiddleViewController.swift; sourceTree = "<group>"; };
		F7FBD06227B9CDE2002265FD /* MiddleFlow.swift */ = {isa = PBXFileReference; lastKnownFileType = sourcecode.swift; path = MiddleFlow.swift; sourceTree = "<group>"; };
		F7FBD06527B9DF7B002265FD /* SettingReactor.swift */ = {isa = PBXFileReference; lastKnownFileType = sourcecode.swift; path = SettingReactor.swift; sourceTree = "<group>"; };
		F7FBD06727B9F36E002265FD /* SettingViewController.swift */ = {isa = PBXFileReference; lastKnownFileType = sourcecode.swift; path = SettingViewController.swift; sourceTree = "<group>"; };
		F7FBD06927B9F596002265FD /* SettingFlow.swift */ = {isa = PBXFileReference; lastKnownFileType = sourcecode.swift; path = SettingFlow.swift; sourceTree = "<group>"; };
/* End PBXFileReference section */

/* Begin PBXFrameworksBuildPhase section */
		F7A5B21F27B5DC8800152676 /* Frameworks */ = {
			isa = PBXFrameworksBuildPhase;
			buildActionMask = 2147483647;
			files = (
				B48C2F2237830AAD22EB23F5 /* Pods_RxFlowWithReactorKit.framework in Frameworks */,
			);
			runOnlyForDeploymentPostprocessing = 0;
		};
		F7A5B23527B5DC8A00152676 /* Frameworks */ = {
			isa = PBXFrameworksBuildPhase;
			buildActionMask = 2147483647;
			files = (
				85F56A9F3FFF44A8C4F59734 /* Pods_RxFlowWithReactorKitTests.framework in Frameworks */,
			);
			runOnlyForDeploymentPostprocessing = 0;
		};
		F7A5B24027B5DC8A00152676 /* Frameworks */ = {
			isa = PBXFrameworksBuildPhase;
			buildActionMask = 2147483647;
			files = (
			);
			runOnlyForDeploymentPostprocessing = 0;
		};
/* End PBXFrameworksBuildPhase section */

/* Begin PBXGroup section */
		40EB1F67AD5EAC230E314597 /* Pods */ = {
			isa = PBXGroup;
			children = (
				B33A26B364C5D4E59EF3AAE5 /* Pods-RxFlowWithReactorKit.debug.xcconfig */,
				02FE8E447AECA61FD540A949 /* Pods-RxFlowWithReactorKit.release.xcconfig */,
				57140E7C42338B2CE2B62E7B /* Pods-RxFlowWithReactorKitTests.debug.xcconfig */,
				F25C318A4F3C29B4BC5B6174 /* Pods-RxFlowWithReactorKitTests.release.xcconfig */,
			);
			path = Pods;
			sourceTree = "<group>";
		};
		86D391AAEF70F65B7ED6AC65 /* Frameworks */ = {
			isa = PBXGroup;
			children = (
				DC15F6BB0924FB9A2CDE3E2A /* Pods_RxFlowWithReactorKit.framework */,
				96D7D225FBD51624319DD836 /* Pods_RxFlowWithReactorKitTests.framework */,
			);
			name = Frameworks;
			sourceTree = "<group>";
		};
		F7A5B21927B5DC8800152676 = {
			isa = PBXGroup;
			children = (
				F7A5B22427B5DC8800152676 /* RxFlowWithReactorKit */,
				F7A5B23B27B5DC8A00152676 /* RxFlowWithReactorKitTests */,
				F7A5B24627B5DC8A00152676 /* RxFlowWithReactorKitUITests */,
				F7A5B22327B5DC8800152676 /* Products */,
				40EB1F67AD5EAC230E314597 /* Pods */,
				86D391AAEF70F65B7ED6AC65 /* Frameworks */,
			);
			sourceTree = "<group>";
		};
		F7A5B22327B5DC8800152676 /* Products */ = {
			isa = PBXGroup;
			children = (
				F7A5B22227B5DC8800152676 /* RxFlowWithReactorKit.app */,
				F7A5B23827B5DC8A00152676 /* RxFlowWithReactorKitTests.xctest */,
				F7A5B24327B5DC8A00152676 /* RxFlowWithReactorKitUITests.xctest */,
			);
			name = Products;
			sourceTree = "<group>";
		};
		F7A5B22427B5DC8800152676 /* RxFlowWithReactorKit */ = {
			isa = PBXGroup;
			children = (
				F7A5B25627B5DD5A00152676 /* Resources */,
				F7A5B25527B5DD5500152676 /* Sources */,
			);
			path = RxFlowWithReactorKit;
			sourceTree = "<group>";
		};
		F7A5B23B27B5DC8A00152676 /* RxFlowWithReactorKitTests */ = {
			isa = PBXGroup;
			children = (
				F7A5B23C27B5DC8A00152676 /* RxFlowWithReactorKitTests.swift */,
				F7A5B23E27B5DC8A00152676 /* Info.plist */,
			);
			path = RxFlowWithReactorKitTests;
			sourceTree = "<group>";
		};
		F7A5B24627B5DC8A00152676 /* RxFlowWithReactorKitUITests */ = {
			isa = PBXGroup;
			children = (
				F7A5B24727B5DC8A00152676 /* RxFlowWithReactorKitUITests.swift */,
				F7A5B24927B5DC8A00152676 /* Info.plist */,
			);
			path = RxFlowWithReactorKitUITests;
			sourceTree = "<group>";
		};
		F7A5B25527B5DD5500152676 /* Sources */ = {
			isa = PBXGroup;
			children = (
				F7A5B2A127B62A0D00152676 /* Scene */,
				F7A5B29927B5E16E00152676 /* Step */,
				F7A5B29827B5E16600152676 /* Flows */,
				F7A5B28F27B5E09E00152676 /* Services */,
				F7A5B28A27B5E07A00152676 /* Network */,
				F7A5B27727B5E05800152676 /* Common */,
				F7A5B25727B5DD6900152676 /* Core */,
			);
			path = Sources;
			sourceTree = "<group>";
		};
		F7A5B25627B5DD5A00152676 /* Resources */ = {
			isa = PBXGroup;
			children = (
				F7A5B22E27B5DC8A00152676 /* Assets.xcassets */,
				F7A5B23027B5DC8A00152676 /* LaunchScreen.storyboard */,
				F7A5B23327B5DC8A00152676 /* Info.plist */,
			);
			path = Resources;
			sourceTree = "<group>";
		};
		F7A5B25727B5DD6900152676 /* Core */ = {
			isa = PBXGroup;
			children = (
				F7A5B22527B5DC8800152676 /* AppDelegate.swift */,
				F7A5B22727B5DC8800152676 /* SceneDelegate.swift */,
			);
			path = Core;
			sourceTree = "<group>";
		};
		F7A5B27727B5E05800152676 /* Common */ = {
			isa = PBXGroup;
			children = (
				F7A5B27827B5E05800152676 /* Extension */,
				F7A5B27F27B5E05800152676 /* ActivityIndicator.swift */,
				F7A5B28027B5E05800152676 /* Model */,
				F7A5B28227B5E05800152676 /* AnimationTransition.swift */,
			);
			path = Common;
			sourceTree = "<group>";
		};
		F7A5B27827B5E05800152676 /* Extension */ = {
			isa = PBXGroup;
			children = (
				F7A5B27927B5E05800152676 /* UIKit */,
				F7A5B27C27B5E05800152676 /* Rx */,
				F7A5B29F27B5EC2000152676 /* Step+asSample.swift */,
			);
			path = Extension;
			sourceTree = "<group>";
		};
		F7A5B27927B5E05800152676 /* UIKit */ = {
			isa = PBXGroup;
			children = (
				F7A5B27A27B5E05800152676 /* UIView+safeArea.swift */,
				F7A5B27B27B5E05800152676 /* Cell+ReusableID.swift */,
			);
			path = UIKit;
			sourceTree = "<group>";
		};
		F7A5B27C27B5E05800152676 /* Rx */ = {
			isa = PBXGroup;
			children = (
				F7A5B27D27B5E05800152676 /* Observable+Extensions.swift */,
				F7A5B27E27B5E05800152676 /* UIViewController+Rx.swift */,
			);
			path = Rx;
			sourceTree = "<group>";
		};
		F7A5B28027B5E05800152676 /* Model */ = {
			isa = PBXGroup;
			children = (
				F7A5B28127B5E05800152676 /* Models.swift */,
			);
			path = Model;
			sourceTree = "<group>";
		};
		F7A5B28A27B5E07A00152676 /* Network */ = {
			isa = PBXGroup;
			children = (
				F7A5B28B27B5E07A00152676 /* NetworkManager.swift */,
				F7A5B28C27B5E07A00152676 /* TestNetworkManager.swift */,
			);
			path = Network;
			sourceTree = "<group>";
		};
		F7A5B28F27B5E09E00152676 /* Services */ = {
			isa = PBXGroup;
			children = (
				F7A5B29027B5E09F00152676 /* NetworkService.swift */,
				F7A5B29127B5E09F00152676 /* ServiceProvider.swift */,
				F7A5B29227B5E09F00152676 /* BaseService.swift */,
				F7A5B29327B5E09F00152676 /* LoginService.swift */,
			);
			path = Services;
			sourceTree = "<group>";
		};
		F7A5B29827B5E16600152676 /* Flows */ = {
			isa = PBXGroup;
			children = (
				F7A5B2AA27B6386100152676 /* Main */,
				F7A5B2A727B6304400152676 /* Login */,
				F7A5B29D27B5E9ED00152676 /* AppFlow.swift */,
				F7FBD06227B9CDE2002265FD /* MiddleFlow.swift */,
			);
			path = Flows;
			sourceTree = "<group>";
		};
		F7A5B29927B5E16E00152676 /* Step */ = {
			isa = PBXGroup;
			children = (
				F7A5B29A27B5E17800152676 /* SampleStep.swift */,
			);
			path = Step;
			sourceTree = "<group>";
		};
		F7A5B2A127B62A0D00152676 /* Scene */ = {
			isa = PBXGroup;
			children = (
				F7FBD06427B9DF50002265FD /* Setting */,
				F7FBD05D27B9C921002265FD /* Middle */,
				F7A5B2B027B63C3100152676 /* Home */,
				F7A5B2A627B62AEA00152676 /* Login */,
			);
			path = Scene;
			sourceTree = "<group>";
		};
		F7A5B2A627B62AEA00152676 /* Login */ = {
			isa = PBXGroup;
			children = (
				F7A5B2A227B62A3100152676 /* LoginReactor.swift */,
				F7A5B2A427B62ADF00152676 /* LoginViewController.swift */,
			);
			path = Login;
			sourceTree = "<group>";
		};
		F7A5B2A727B6304400152676 /* Login */ = {
			isa = PBXGroup;
			children = (
				F7A5B2A827B6304D00152676 /* LoginFlow.swift */,
			);
			path = Login;
			sourceTree = "<group>";
		};
		F7A5B2AA27B6386100152676 /* Main */ = {
			isa = PBXGroup;
			children = (
				F7A5B2AB27B6386E00152676 /* MainFlow.swift */,
				F7A5B2AE27B63BB900152676 /* HomeFlow.swift */,
				F7FBD06927B9F596002265FD /* SettingFlow.swift */,
			);
			path = Main;
			sourceTree = "<group>";
		};
		F7A5B2B027B63C3100152676 /* Home */ = {
			isa = PBXGroup;
			children = (
				F7A5B2B127B63C3D00152676 /* HomeReactor.swift */,
				F7A5B2B327B63C6F00152676 /* HomeViewController.swift */,
				F741048F27BB33B5002694E7 /* HomeCell.swift */,
			);
			path = Home;
			sourceTree = "<group>";
		};
		F7FBD05D27B9C921002265FD /* Middle */ = {
			isa = PBXGroup;
			children = (
				F7FBD05E27B9C92E002265FD /* MiddleReactor.swift */,
				F7FBD06027B9C9E0002265FD /* MiddleViewController.swift */,
				EE4A181827CB56B5005752A7 /* MiddleDetailReactor.swift */,
				EE4A181A27CB56F0005752A7 /* MiddleDetailViewController.swift */,
			);
			path = Middle;
			sourceTree = "<group>";
		};
		F7FBD06427B9DF50002265FD /* Setting */ = {
			isa = PBXGroup;
			children = (
				F7FBD06527B9DF7B002265FD /* SettingReactor.swift */,
				F7FBD06727B9F36E002265FD /* SettingViewController.swift */,
			);
			path = Setting;
			sourceTree = "<group>";
		};
/* End PBXGroup section */

/* Begin PBXNativeTarget section */
		F7A5B22127B5DC8800152676 /* RxFlowWithReactorKit */ = {
			isa = PBXNativeTarget;
			buildConfigurationList = F7A5B24C27B5DC8A00152676 /* Build configuration list for PBXNativeTarget "RxFlowWithReactorKit" */;
			buildPhases = (
				70506E5531A3C90F61616752 /* [CP] Check Pods Manifest.lock */,
				F7A5B21E27B5DC8800152676 /* Sources */,
				F7A5B21F27B5DC8800152676 /* Frameworks */,
				F7A5B22027B5DC8800152676 /* Resources */,
				CABC2B2AD9443493218874D6 /* [CP] Embed Pods Frameworks */,
			);
			buildRules = (
			);
			dependencies = (
			);
			name = RxFlowWithReactorKit;
			productName = RxFlowWithReactorKit;
			productReference = F7A5B22227B5DC8800152676 /* RxFlowWithReactorKit.app */;
			productType = "com.apple.product-type.application";
		};
		F7A5B23727B5DC8A00152676 /* RxFlowWithReactorKitTests */ = {
			isa = PBXNativeTarget;
			buildConfigurationList = F7A5B24F27B5DC8A00152676 /* Build configuration list for PBXNativeTarget "RxFlowWithReactorKitTests" */;
			buildPhases = (
				C8A35ABE2EFEAC129346C015 /* [CP] Check Pods Manifest.lock */,
				F7A5B23427B5DC8A00152676 /* Sources */,
				F7A5B23527B5DC8A00152676 /* Frameworks */,
				F7A5B23627B5DC8A00152676 /* Resources */,
				7A6D41E8F850D1057FB7451D /* [CP] Embed Pods Frameworks */,
			);
			buildRules = (
			);
			dependencies = (
				F7A5B23A27B5DC8A00152676 /* PBXTargetDependency */,
			);
			name = RxFlowWithReactorKitTests;
			productName = RxFlowWithReactorKitTests;
			productReference = F7A5B23827B5DC8A00152676 /* RxFlowWithReactorKitTests.xctest */;
			productType = "com.apple.product-type.bundle.unit-test";
		};
		F7A5B24227B5DC8A00152676 /* RxFlowWithReactorKitUITests */ = {
			isa = PBXNativeTarget;
			buildConfigurationList = F7A5B25227B5DC8A00152676 /* Build configuration list for PBXNativeTarget "RxFlowWithReactorKitUITests" */;
			buildPhases = (
				F7A5B23F27B5DC8A00152676 /* Sources */,
				F7A5B24027B5DC8A00152676 /* Frameworks */,
				F7A5B24127B5DC8A00152676 /* Resources */,
			);
			buildRules = (
			);
			dependencies = (
				F7A5B24527B5DC8A00152676 /* PBXTargetDependency */,
			);
			name = RxFlowWithReactorKitUITests;
			productName = RxFlowWithReactorKitUITests;
			productReference = F7A5B24327B5DC8A00152676 /* RxFlowWithReactorKitUITests.xctest */;
			productType = "com.apple.product-type.bundle.ui-testing";
		};
/* End PBXNativeTarget section */

/* Begin PBXProject section */
		F7A5B21A27B5DC8800152676 /* Project object */ = {
			isa = PBXProject;
			attributes = {
				LastSwiftUpdateCheck = 1250;
				LastUpgradeCheck = 1250;
				TargetAttributes = {
					F7A5B22127B5DC8800152676 = {
						CreatedOnToolsVersion = 12.5;
					};
					F7A5B23727B5DC8A00152676 = {
						CreatedOnToolsVersion = 12.5;
						TestTargetID = F7A5B22127B5DC8800152676;
					};
					F7A5B24227B5DC8A00152676 = {
						CreatedOnToolsVersion = 12.5;
						TestTargetID = F7A5B22127B5DC8800152676;
					};
				};
			};
			buildConfigurationList = F7A5B21D27B5DC8800152676 /* Build configuration list for PBXProject "RxFlowWithReactorKit" */;
			compatibilityVersion = "Xcode 9.3";
			developmentRegion = en;
			hasScannedForEncodings = 0;
			knownRegions = (
				en,
				Base,
			);
			mainGroup = F7A5B21927B5DC8800152676;
			productRefGroup = F7A5B22327B5DC8800152676 /* Products */;
			projectDirPath = "";
			projectRoot = "";
			targets = (
				F7A5B22127B5DC8800152676 /* RxFlowWithReactorKit */,
				F7A5B23727B5DC8A00152676 /* RxFlowWithReactorKitTests */,
				F7A5B24227B5DC8A00152676 /* RxFlowWithReactorKitUITests */,
			);
		};
/* End PBXProject section */

/* Begin PBXResourcesBuildPhase section */
		F7A5B22027B5DC8800152676 /* Resources */ = {
			isa = PBXResourcesBuildPhase;
			buildActionMask = 2147483647;
			files = (
				F7A5B23227B5DC8A00152676 /* LaunchScreen.storyboard in Resources */,
				F7A5B22F27B5DC8A00152676 /* Assets.xcassets in Resources */,
			);
			runOnlyForDeploymentPostprocessing = 0;
		};
		F7A5B23627B5DC8A00152676 /* Resources */ = {
			isa = PBXResourcesBuildPhase;
			buildActionMask = 2147483647;
			files = (
			);
			runOnlyForDeploymentPostprocessing = 0;
		};
		F7A5B24127B5DC8A00152676 /* Resources */ = {
			isa = PBXResourcesBuildPhase;
			buildActionMask = 2147483647;
			files = (
			);
			runOnlyForDeploymentPostprocessing = 0;
		};
/* End PBXResourcesBuildPhase section */

/* Begin PBXShellScriptBuildPhase section */
		70506E5531A3C90F61616752 /* [CP] Check Pods Manifest.lock */ = {
			isa = PBXShellScriptBuildPhase;
			buildActionMask = 2147483647;
			files = (
			);
			inputFileListPaths = (
			);
			inputPaths = (
				"${PODS_PODFILE_DIR_PATH}/Podfile.lock",
				"${PODS_ROOT}/Manifest.lock",
			);
			name = "[CP] Check Pods Manifest.lock";
			outputFileListPaths = (
			);
			outputPaths = (
				"$(DERIVED_FILE_DIR)/Pods-RxFlowWithReactorKit-checkManifestLockResult.txt",
			);
			runOnlyForDeploymentPostprocessing = 0;
			shellPath = /bin/sh;
			shellScript = "diff \"${PODS_PODFILE_DIR_PATH}/Podfile.lock\" \"${PODS_ROOT}/Manifest.lock\" > /dev/null\nif [ $? != 0 ] ; then\n    # print error to STDERR\n    echo \"error: The sandbox is not in sync with the Podfile.lock. Run 'pod install' or update your CocoaPods installation.\" >&2\n    exit 1\nfi\n# This output is used by Xcode 'outputs' to avoid re-running this script phase.\necho \"SUCCESS\" > \"${SCRIPT_OUTPUT_FILE_0}\"\n";
			showEnvVarsInLog = 0;
		};
		7A6D41E8F850D1057FB7451D /* [CP] Embed Pods Frameworks */ = {
			isa = PBXShellScriptBuildPhase;
			buildActionMask = 2147483647;
			files = (
			);
			inputFileListPaths = (
				"${PODS_ROOT}/Target Support Files/Pods-RxFlowWithReactorKitTests/Pods-RxFlowWithReactorKitTests-frameworks-${CONFIGURATION}-input-files.xcfilelist",
			);
			name = "[CP] Embed Pods Frameworks";
			outputFileListPaths = (
				"${PODS_ROOT}/Target Support Files/Pods-RxFlowWithReactorKitTests/Pods-RxFlowWithReactorKitTests-frameworks-${CONFIGURATION}-output-files.xcfilelist",
			);
			runOnlyForDeploymentPostprocessing = 0;
			shellPath = /bin/sh;
			shellScript = "\"${PODS_ROOT}/Target Support Files/Pods-RxFlowWithReactorKitTests/Pods-RxFlowWithReactorKitTests-frameworks.sh\"\n";
			showEnvVarsInLog = 0;
		};
		C8A35ABE2EFEAC129346C015 /* [CP] Check Pods Manifest.lock */ = {
			isa = PBXShellScriptBuildPhase;
			buildActionMask = 2147483647;
			files = (
			);
			inputFileListPaths = (
			);
			inputPaths = (
				"${PODS_PODFILE_DIR_PATH}/Podfile.lock",
				"${PODS_ROOT}/Manifest.lock",
			);
			name = "[CP] Check Pods Manifest.lock";
			outputFileListPaths = (
			);
			outputPaths = (
				"$(DERIVED_FILE_DIR)/Pods-RxFlowWithReactorKitTests-checkManifestLockResult.txt",
			);
			runOnlyForDeploymentPostprocessing = 0;
			shellPath = /bin/sh;
			shellScript = "diff \"${PODS_PODFILE_DIR_PATH}/Podfile.lock\" \"${PODS_ROOT}/Manifest.lock\" > /dev/null\nif [ $? != 0 ] ; then\n    # print error to STDERR\n    echo \"error: The sandbox is not in sync with the Podfile.lock. Run 'pod install' or update your CocoaPods installation.\" >&2\n    exit 1\nfi\n# This output is used by Xcode 'outputs' to avoid re-running this script phase.\necho \"SUCCESS\" > \"${SCRIPT_OUTPUT_FILE_0}\"\n";
			showEnvVarsInLog = 0;
		};
		CABC2B2AD9443493218874D6 /* [CP] Embed Pods Frameworks */ = {
			isa = PBXShellScriptBuildPhase;
			buildActionMask = 2147483647;
			files = (
			);
			inputFileListPaths = (
				"${PODS_ROOT}/Target Support Files/Pods-RxFlowWithReactorKit/Pods-RxFlowWithReactorKit-frameworks-${CONFIGURATION}-input-files.xcfilelist",
			);
			name = "[CP] Embed Pods Frameworks";
			outputFileListPaths = (
				"${PODS_ROOT}/Target Support Files/Pods-RxFlowWithReactorKit/Pods-RxFlowWithReactorKit-frameworks-${CONFIGURATION}-output-files.xcfilelist",
			);
			runOnlyForDeploymentPostprocessing = 0;
			shellPath = /bin/sh;
			shellScript = "\"${PODS_ROOT}/Target Support Files/Pods-RxFlowWithReactorKit/Pods-RxFlowWithReactorKit-frameworks.sh\"\n";
			showEnvVarsInLog = 0;
		};
/* End PBXShellScriptBuildPhase section */

/* Begin PBXSourcesBuildPhase section */
		F7A5B21E27B5DC8800152676 /* Sources */ = {
			isa = PBXSourcesBuildPhase;
			buildActionMask = 2147483647;
			files = (
				F7FBD06627B9DF7B002265FD /* SettingReactor.swift in Sources */,
				F7A5B2B427B63C6F00152676 /* HomeViewController.swift in Sources */,
				F7A5B2AF27B63BB900152676 /* HomeFlow.swift in Sources */,
				F7A5B22627B5DC8800152676 /* AppDelegate.swift in Sources */,
				F7A5B28327B5E05800152676 /* UIView+safeArea.swift in Sources */,
				F7FBD06827B9F36E002265FD /* SettingViewController.swift in Sources */,
				F7A5B28D27B5E07A00152676 /* NetworkManager.swift in Sources */,
				F7A5B2A027B5EC2000152676 /* Step+asSample.swift in Sources */,
				F7A5B2B227B63C3D00152676 /* HomeReactor.swift in Sources */,
				F7A5B28E27B5E07A00152676 /* TestNetworkManager.swift in Sources */,
				F7A5B2A927B6304D00152676 /* LoginFlow.swift in Sources */,
				F7FBD06A27B9F596002265FD /* SettingFlow.swift in Sources */,
				F7A5B29627B5E09F00152676 /* BaseService.swift in Sources */,
				F7A5B22827B5DC8800152676 /* SceneDelegate.swift in Sources */,
				EE4A181B27CB56F0005752A7 /* MiddleDetailViewController.swift in Sources */,
				F7A5B2AC27B6386E00152676 /* MainFlow.swift in Sources */,
				F7A5B28927B5E05800152676 /* AnimationTransition.swift in Sources */,
				F7A5B2A527B62ADF00152676 /* LoginViewController.swift in Sources */,
				F7A5B29727B5E09F00152676 /* LoginService.swift in Sources */,
				F741049027BB33B5002694E7 /* HomeCell.swift in Sources */,
				F7A5B28827B5E05800152676 /* Models.swift in Sources */,
				F7A5B29E27B5E9ED00152676 /* AppFlow.swift in Sources */,
				F7A5B29B27B5E17800152676 /* SampleStep.swift in Sources */,
				F7A5B28527B5E05800152676 /* Observable+Extensions.swift in Sources */,
				F7A5B2A327B62A3100152676 /* LoginReactor.swift in Sources */,
				F7A5B28727B5E05800152676 /* ActivityIndicator.swift in Sources */,
				F7A5B28627B5E05800152676 /* UIViewController+Rx.swift in Sources */,
				F7FBD06327B9CDE2002265FD /* MiddleFlow.swift in Sources */,
				F7A5B29527B5E09F00152676 /* ServiceProvider.swift in Sources */,
				EE4A181927CB56B5005752A7 /* MiddleDetailReactor.swift in Sources */,
				F7FBD06127B9C9E0002265FD /* MiddleViewController.swift in Sources */,
				F7A5B29427B5E09F00152676 /* NetworkService.swift in Sources */,
				F7A5B28427B5E05800152676 /* Cell+ReusableID.swift in Sources */,
				F7FBD05F27B9C92E002265FD /* MiddleReactor.swift in Sources */,
			);
			runOnlyForDeploymentPostprocessing = 0;
		};
		F7A5B23427B5DC8A00152676 /* Sources */ = {
			isa = PBXSourcesBuildPhase;
			buildActionMask = 2147483647;
			files = (
				F7A5B23D27B5DC8A00152676 /* RxFlowWithReactorKitTests.swift in Sources */,
			);
			runOnlyForDeploymentPostprocessing = 0;
		};
		F7A5B23F27B5DC8A00152676 /* Sources */ = {
			isa = PBXSourcesBuildPhase;
			buildActionMask = 2147483647;
			files = (
				F7A5B24827B5DC8A00152676 /* RxFlowWithReactorKitUITests.swift in Sources */,
			);
			runOnlyForDeploymentPostprocessing = 0;
		};
/* End PBXSourcesBuildPhase section */

/* Begin PBXTargetDependency section */
		F7A5B23A27B5DC8A00152676 /* PBXTargetDependency */ = {
			isa = PBXTargetDependency;
			target = F7A5B22127B5DC8800152676 /* RxFlowWithReactorKit */;
			targetProxy = F7A5B23927B5DC8A00152676 /* PBXContainerItemProxy */;
		};
		F7A5B24527B5DC8A00152676 /* PBXTargetDependency */ = {
			isa = PBXTargetDependency;
			target = F7A5B22127B5DC8800152676 /* RxFlowWithReactorKit */;
			targetProxy = F7A5B24427B5DC8A00152676 /* PBXContainerItemProxy */;
		};
/* End PBXTargetDependency section */

/* Begin PBXVariantGroup section */
		F7A5B23027B5DC8A00152676 /* LaunchScreen.storyboard */ = {
			isa = PBXVariantGroup;
			children = (
				F7A5B23127B5DC8A00152676 /* Base */,
			);
			name = LaunchScreen.storyboard;
			sourceTree = "<group>";
		};
/* End PBXVariantGroup section */

/* Begin XCBuildConfiguration section */
		F7A5B24A27B5DC8A00152676 /* Debug */ = {
			isa = XCBuildConfiguration;
			buildSettings = {
				ALWAYS_SEARCH_USER_PATHS = NO;
				CLANG_ANALYZER_NONNULL = YES;
				CLANG_ANALYZER_NUMBER_OBJECT_CONVERSION = YES_AGGRESSIVE;
				CLANG_CXX_LANGUAGE_STANDARD = "gnu++14";
				CLANG_CXX_LIBRARY = "libc++";
				CLANG_ENABLE_MODULES = YES;
				CLANG_ENABLE_OBJC_ARC = YES;
				CLANG_ENABLE_OBJC_WEAK = YES;
				CLANG_WARN_BLOCK_CAPTURE_AUTORELEASING = YES;
				CLANG_WARN_BOOL_CONVERSION = YES;
				CLANG_WARN_COMMA = YES;
				CLANG_WARN_CONSTANT_CONVERSION = YES;
				CLANG_WARN_DEPRECATED_OBJC_IMPLEMENTATIONS = YES;
				CLANG_WARN_DIRECT_OBJC_ISA_USAGE = YES_ERROR;
				CLANG_WARN_DOCUMENTATION_COMMENTS = YES;
				CLANG_WARN_EMPTY_BODY = YES;
				CLANG_WARN_ENUM_CONVERSION = YES;
				CLANG_WARN_INFINITE_RECURSION = YES;
				CLANG_WARN_INT_CONVERSION = YES;
				CLANG_WARN_NON_LITERAL_NULL_CONVERSION = YES;
				CLANG_WARN_OBJC_IMPLICIT_RETAIN_SELF = YES;
				CLANG_WARN_OBJC_LITERAL_CONVERSION = YES;
				CLANG_WARN_OBJC_ROOT_CLASS = YES_ERROR;
				CLANG_WARN_QUOTED_INCLUDE_IN_FRAMEWORK_HEADER = YES;
				CLANG_WARN_RANGE_LOOP_ANALYSIS = YES;
				CLANG_WARN_STRICT_PROTOTYPES = YES;
				CLANG_WARN_SUSPICIOUS_MOVE = YES;
				CLANG_WARN_UNGUARDED_AVAILABILITY = YES_AGGRESSIVE;
				CLANG_WARN_UNREACHABLE_CODE = YES;
				CLANG_WARN__DUPLICATE_METHOD_MATCH = YES;
				COPY_PHASE_STRIP = NO;
				DEBUG_INFORMATION_FORMAT = dwarf;
				ENABLE_STRICT_OBJC_MSGSEND = YES;
				ENABLE_TESTABILITY = YES;
				GCC_C_LANGUAGE_STANDARD = gnu11;
				GCC_DYNAMIC_NO_PIC = NO;
				GCC_NO_COMMON_BLOCKS = YES;
				GCC_OPTIMIZATION_LEVEL = 0;
				GCC_PREPROCESSOR_DEFINITIONS = (
					"DEBUG=1",
					"$(inherited)",
				);
				GCC_WARN_64_TO_32_BIT_CONVERSION = YES;
				GCC_WARN_ABOUT_RETURN_TYPE = YES_ERROR;
				GCC_WARN_UNDECLARED_SELECTOR = YES;
				GCC_WARN_UNINITIALIZED_AUTOS = YES_AGGRESSIVE;
				GCC_WARN_UNUSED_FUNCTION = YES;
				GCC_WARN_UNUSED_VARIABLE = YES;
				IPHONEOS_DEPLOYMENT_TARGET = 14.5;
				MTL_ENABLE_DEBUG_INFO = INCLUDE_SOURCE;
				MTL_FAST_MATH = YES;
				ONLY_ACTIVE_ARCH = YES;
				SDKROOT = iphoneos;
				SWIFT_ACTIVE_COMPILATION_CONDITIONS = DEBUG;
				SWIFT_OPTIMIZATION_LEVEL = "-Onone";
			};
			name = Debug;
		};
		F7A5B24B27B5DC8A00152676 /* Release */ = {
			isa = XCBuildConfiguration;
			buildSettings = {
				ALWAYS_SEARCH_USER_PATHS = NO;
				CLANG_ANALYZER_NONNULL = YES;
				CLANG_ANALYZER_NUMBER_OBJECT_CONVERSION = YES_AGGRESSIVE;
				CLANG_CXX_LANGUAGE_STANDARD = "gnu++14";
				CLANG_CXX_LIBRARY = "libc++";
				CLANG_ENABLE_MODULES = YES;
				CLANG_ENABLE_OBJC_ARC = YES;
				CLANG_ENABLE_OBJC_WEAK = YES;
				CLANG_WARN_BLOCK_CAPTURE_AUTORELEASING = YES;
				CLANG_WARN_BOOL_CONVERSION = YES;
				CLANG_WARN_COMMA = YES;
				CLANG_WARN_CONSTANT_CONVERSION = YES;
				CLANG_WARN_DEPRECATED_OBJC_IMPLEMENTATIONS = YES;
				CLANG_WARN_DIRECT_OBJC_ISA_USAGE = YES_ERROR;
				CLANG_WARN_DOCUMENTATION_COMMENTS = YES;
				CLANG_WARN_EMPTY_BODY = YES;
				CLANG_WARN_ENUM_CONVERSION = YES;
				CLANG_WARN_INFINITE_RECURSION = YES;
				CLANG_WARN_INT_CONVERSION = YES;
				CLANG_WARN_NON_LITERAL_NULL_CONVERSION = YES;
				CLANG_WARN_OBJC_IMPLICIT_RETAIN_SELF = YES;
				CLANG_WARN_OBJC_LITERAL_CONVERSION = YES;
				CLANG_WARN_OBJC_ROOT_CLASS = YES_ERROR;
				CLANG_WARN_QUOTED_INCLUDE_IN_FRAMEWORK_HEADER = YES;
				CLANG_WARN_RANGE_LOOP_ANALYSIS = YES;
				CLANG_WARN_STRICT_PROTOTYPES = YES;
				CLANG_WARN_SUSPICIOUS_MOVE = YES;
				CLANG_WARN_UNGUARDED_AVAILABILITY = YES_AGGRESSIVE;
				CLANG_WARN_UNREACHABLE_CODE = YES;
				CLANG_WARN__DUPLICATE_METHOD_MATCH = YES;
				COPY_PHASE_STRIP = NO;
				DEBUG_INFORMATION_FORMAT = "dwarf-with-dsym";
				ENABLE_NS_ASSERTIONS = NO;
				ENABLE_STRICT_OBJC_MSGSEND = YES;
				GCC_C_LANGUAGE_STANDARD = gnu11;
				GCC_NO_COMMON_BLOCKS = YES;
				GCC_WARN_64_TO_32_BIT_CONVERSION = YES;
				GCC_WARN_ABOUT_RETURN_TYPE = YES_ERROR;
				GCC_WARN_UNDECLARED_SELECTOR = YES;
				GCC_WARN_UNINITIALIZED_AUTOS = YES_AGGRESSIVE;
				GCC_WARN_UNUSED_FUNCTION = YES;
				GCC_WARN_UNUSED_VARIABLE = YES;
				IPHONEOS_DEPLOYMENT_TARGET = 14.5;
				MTL_ENABLE_DEBUG_INFO = NO;
				MTL_FAST_MATH = YES;
				SDKROOT = iphoneos;
				SWIFT_COMPILATION_MODE = wholemodule;
				SWIFT_OPTIMIZATION_LEVEL = "-O";
				VALIDATE_PRODUCT = YES;
			};
			name = Release;
		};
		F7A5B24D27B5DC8A00152676 /* Debug */ = {
			isa = XCBuildConfiguration;
			baseConfigurationReference = B33A26B364C5D4E59EF3AAE5 /* Pods-RxFlowWithReactorKit.debug.xcconfig */;
			buildSettings = {
				ASSETCATALOG_COMPILER_APPICON_NAME = AppIcon;
				ASSETCATALOG_COMPILER_GLOBAL_ACCENT_COLOR_NAME = AccentColor;
				CODE_SIGN_STYLE = Automatic;
				INFOPLIST_FILE = RxFlowWithReactorKit/Resources/Info.plist;
				LD_RUNPATH_SEARCH_PATHS = (
					"$(inherited)",
					"@executable_path/Frameworks",
				);
				PRODUCT_BUNDLE_IDENTIFIER = com.lyine.RxFlowWithReactorKit;
				PRODUCT_NAME = "$(TARGET_NAME)";
				SWIFT_VERSION = 5.0;
				TARGETED_DEVICE_FAMILY = "1,2";
			};
			name = Debug;
		};
		F7A5B24E27B5DC8A00152676 /* Release */ = {
			isa = XCBuildConfiguration;
			baseConfigurationReference = 02FE8E447AECA61FD540A949 /* Pods-RxFlowWithReactorKit.release.xcconfig */;
			buildSettings = {
				ASSETCATALOG_COMPILER_APPICON_NAME = AppIcon;
				ASSETCATALOG_COMPILER_GLOBAL_ACCENT_COLOR_NAME = AccentColor;
				CODE_SIGN_STYLE = Automatic;
				INFOPLIST_FILE = RxFlowWithReactorKit/Resources/Info.plist;
				LD_RUNPATH_SEARCH_PATHS = (
					"$(inherited)",
					"@executable_path/Frameworks",
				);
				PRODUCT_BUNDLE_IDENTIFIER = com.lyine.RxFlowWithReactorKit;
				PRODUCT_NAME = "$(TARGET_NAME)";
				SWIFT_VERSION = 5.0;
				TARGETED_DEVICE_FAMILY = "1,2";
			};
			name = Release;
		};
		F7A5B25027B5DC8A00152676 /* Debug */ = {
			isa = XCBuildConfiguration;
			baseConfigurationReference = 57140E7C42338B2CE2B62E7B /* Pods-RxFlowWithReactorKitTests.debug.xcconfig */;
			buildSettings = {
				ALWAYS_EMBED_SWIFT_STANDARD_LIBRARIES = YES;
				BUNDLE_LOADER = "$(TEST_HOST)";
				CODE_SIGN_STYLE = Automatic;
				INFOPLIST_FILE = RxFlowWithReactorKitTests/Info.plist;
				IPHONEOS_DEPLOYMENT_TARGET = 14.5;
				LD_RUNPATH_SEARCH_PATHS = (
					"$(inherited)",
					"@executable_path/Frameworks",
					"@loader_path/Frameworks",
				);
				PRODUCT_BUNDLE_IDENTIFIER = com.lyine.RxFlowWithReactorKitTests;
				PRODUCT_NAME = "$(TARGET_NAME)";
				SWIFT_VERSION = 5.0;
				TARGETED_DEVICE_FAMILY = "1,2";
				TEST_HOST = "$(BUILT_PRODUCTS_DIR)/RxFlowWithReactorKit.app/RxFlowWithReactorKit";
			};
			name = Debug;
		};
		F7A5B25127B5DC8A00152676 /* Release */ = {
			isa = XCBuildConfiguration;
			baseConfigurationReference = F25C318A4F3C29B4BC5B6174 /* Pods-RxFlowWithReactorKitTests.release.xcconfig */;
			buildSettings = {
				ALWAYS_EMBED_SWIFT_STANDARD_LIBRARIES = YES;
				BUNDLE_LOADER = "$(TEST_HOST)";
				CODE_SIGN_STYLE = Automatic;
				INFOPLIST_FILE = RxFlowWithReactorKitTests/Info.plist;
				IPHONEOS_DEPLOYMENT_TARGET = 14.5;
				LD_RUNPATH_SEARCH_PATHS = (
					"$(inherited)",
					"@executable_path/Frameworks",
					"@loader_path/Frameworks",
				);
				PRODUCT_BUNDLE_IDENTIFIER = com.lyine.RxFlowWithReactorKitTests;
				PRODUCT_NAME = "$(TARGET_NAME)";
				SWIFT_VERSION = 5.0;
				TARGETED_DEVICE_FAMILY = "1,2";
				TEST_HOST = "$(BUILT_PRODUCTS_DIR)/RxFlowWithReactorKit.app/RxFlowWithReactorKit";
			};
			name = Release;
		};
		F7A5B25327B5DC8A00152676 /* Debug */ = {
			isa = XCBuildConfiguration;
			buildSettings = {
				ALWAYS_EMBED_SWIFT_STANDARD_LIBRARIES = YES;
				CODE_SIGN_STYLE = Automatic;
				INFOPLIST_FILE = RxFlowWithReactorKitUITests/Info.plist;
				LD_RUNPATH_SEARCH_PATHS = (
					"$(inherited)",
					"@executable_path/Frameworks",
					"@loader_path/Frameworks",
				);
				PRODUCT_BUNDLE_IDENTIFIER = com.lyine.RxFlowWithReactorKitUITests;
				PRODUCT_NAME = "$(TARGET_NAME)";
				SWIFT_VERSION = 5.0;
				TARGETED_DEVICE_FAMILY = "1,2";
				TEST_TARGET_NAME = RxFlowWithReactorKit;
			};
			name = Debug;
		};
		F7A5B25427B5DC8A00152676 /* Release */ = {
			isa = XCBuildConfiguration;
			buildSettings = {
				ALWAYS_EMBED_SWIFT_STANDARD_LIBRARIES = YES;
				CODE_SIGN_STYLE = Automatic;
				INFOPLIST_FILE = RxFlowWithReactorKitUITests/Info.plist;
				LD_RUNPATH_SEARCH_PATHS = (
					"$(inherited)",
					"@executable_path/Frameworks",
					"@loader_path/Frameworks",
				);
				PRODUCT_BUNDLE_IDENTIFIER = com.lyine.RxFlowWithReactorKitUITests;
				PRODUCT_NAME = "$(TARGET_NAME)";
				SWIFT_VERSION = 5.0;
				TARGETED_DEVICE_FAMILY = "1,2";
				TEST_TARGET_NAME = RxFlowWithReactorKit;
			};
			name = Release;
		};
/* End XCBuildConfiguration section */

/* Begin XCConfigurationList section */
		F7A5B21D27B5DC8800152676 /* Build configuration list for PBXProject "RxFlowWithReactorKit" */ = {
			isa = XCConfigurationList;
			buildConfigurations = (
				F7A5B24A27B5DC8A00152676 /* Debug */,
				F7A5B24B27B5DC8A00152676 /* Release */,
			);
			defaultConfigurationIsVisible = 0;
			defaultConfigurationName = Release;
		};
		F7A5B24C27B5DC8A00152676 /* Build configuration list for PBXNativeTarget "RxFlowWithReactorKit" */ = {
			isa = XCConfigurationList;
			buildConfigurations = (
				F7A5B24D27B5DC8A00152676 /* Debug */,
				F7A5B24E27B5DC8A00152676 /* Release */,
			);
			defaultConfigurationIsVisible = 0;
			defaultConfigurationName = Release;
		};
		F7A5B24F27B5DC8A00152676 /* Build configuration list for PBXNativeTarget "RxFlowWithReactorKitTests" */ = {
			isa = XCConfigurationList;
			buildConfigurations = (
				F7A5B25027B5DC8A00152676 /* Debug */,
				F7A5B25127B5DC8A00152676 /* Release */,
			);
			defaultConfigurationIsVisible = 0;
			defaultConfigurationName = Release;
		};
		F7A5B25227B5DC8A00152676 /* Build configuration list for PBXNativeTarget "RxFlowWithReactorKitUITests" */ = {
			isa = XCConfigurationList;
			buildConfigurations = (
				F7A5B25327B5DC8A00152676 /* Debug */,
				F7A5B25427B5DC8A00152676 /* Release */,
			);
			defaultConfigurationIsVisible = 0;
			defaultConfigurationName = Release;
		};
/* End XCConfigurationList section */
	};
	rootObject = F7A5B21A27B5DC8800152676 /* Project object */;
}
